// !$*UTF8*$!
{
	archiveVersion = 1;
	classes = {
	};
	objectVersion = 50;
	objects = {

/* Begin PBXBuildFile section */
		FD20869A23C4C23A00E97BA8 /* MetroStationInfo.swift in Sources */ = {isa = PBXBuildFile; fileRef = FD20869923C4C23A00E97BA8 /* MetroStationInfo.swift */; };
		FD20869D23C5B16E00E97BA8 /* TozaiLineStaListViewModel.swift in Sources */ = {isa = PBXBuildFile; fileRef = FD20869C23C5B16E00E97BA8 /* TozaiLineStaListViewModel.swift */; };
		FD4D07DC23C34F3B0082EF3B /* MetroLineData.plist in Resources */ = {isa = PBXBuildFile; fileRef = FD4D07DB23C34F3B0082EF3B /* MetroLineData.plist */; };
		FD4D07DE23C352080082EF3B /* MetroLineData.json in Resources */ = {isa = PBXBuildFile; fileRef = FD4D07DD23C352080082EF3B /* MetroLineData.json */; };
		FD4D07E223C352AB0082EF3B /* MetroStationModel.swift in Sources */ = {isa = PBXBuildFile; fileRef = FD4D07E123C352AB0082EF3B /* MetroStationModel.swift */; };
		FDA04FB223B5C5DF000DC962 /* AppDelegate.swift in Sources */ = {isa = PBXBuildFile; fileRef = FDA04FB123B5C5DF000DC962 /* AppDelegate.swift */; };
		FDA04FB423B5C5DF000DC962 /* SceneDelegate.swift in Sources */ = {isa = PBXBuildFile; fileRef = FDA04FB323B5C5DF000DC962 /* SceneDelegate.swift */; };
		FDA04FB823B5C5E0000DC962 /* Assets.xcassets in Resources */ = {isa = PBXBuildFile; fileRef = FDA04FB723B5C5E0000DC962 /* Assets.xcassets */; };
		FDA04FBB23B5C5E0000DC962 /* Preview Assets.xcassets in Resources */ = {isa = PBXBuildFile; fileRef = FDA04FBA23B5C5E0000DC962 /* Preview Assets.xcassets */; };
		FDA04FBE23B5C5E0000DC962 /* LaunchScreen.storyboard in Resources */ = {isa = PBXBuildFile; fileRef = FDA04FBC23B5C5E0000DC962 /* LaunchScreen.storyboard */; };
		FDA04FCA23B5C6C1000DC962 /* TopListView.swift in Sources */ = {isa = PBXBuildFile; fileRef = FDA04FC923B5C6C1000DC962 /* TopListView.swift */; };
		FDA04FCE23B5C867000DC962 /* TozaiLineStaListView.swift in Sources */ = {isa = PBXBuildFile; fileRef = FDA04FCD23B5C867000DC962 /* TozaiLineStaListView.swift */; };
		FDA3C5F824499C02007C0F6A /* SecureTextField.swift in Sources */ = {isa = PBXBuildFile; fileRef = FDA3C5F724499C02007C0F6A /* SecureTextField.swift */; };
		FDA3C5FA24499E18007C0F6A /* PasswordView.swift in Sources */ = {isa = PBXBuildFile; fileRef = FDA3C5F924499E18007C0F6A /* PasswordView.swift */; };
		FDA3C5FC24499EBD007C0F6A /* LoginButton.swift in Sources */ = {isa = PBXBuildFile; fileRef = FDA3C5FB24499EBD007C0F6A /* LoginButton.swift */; };
		FDA3C5FF24499F8B007C0F6A /* MailAddressView.swift in Sources */ = {isa = PBXBuildFile; fileRef = FDA3C5FE24499F8B007C0F6A /* MailAddressView.swift */; };
		FDA3C601244C8FBC007C0F6A /* TozaiLineStaListUpperView.swift in Sources */ = {isa = PBXBuildFile; fileRef = FDA3C600244C8FBC007C0F6A /* TozaiLineStaListUpperView.swift */; };
		FDA3C603244C95BE007C0F6A /* TozaiLineStaListLineImageView.swift in Sources */ = {isa = PBXBuildFile; fileRef = FDA3C602244C95BE007C0F6A /* TozaiLineStaListLineImageView.swift */; };
		FDA3C605244DA64E007C0F6A /* StationRowView.swift in Sources */ = {isa = PBXBuildFile; fileRef = FDA3C604244DA64E007C0F6A /* StationRowView.swift */; };
		FDA40A702452C59700A1BF56 /* UseXibInsteadOfView.swift in Sources */ = {isa = PBXBuildFile; fileRef = FDA40A6F2452C59700A1BF56 /* UseXibInsteadOfView.swift */; };
		FDA40A732452C8EE00A1BF56 /* StationTableViewCell.swift in Sources */ = {isa = PBXBuildFile; fileRef = FDA40A712452C8EE00A1BF56 /* StationTableViewCell.swift */; };
		FDA40A742452C8EE00A1BF56 /* StationTableViewCell.xib in Resources */ = {isa = PBXBuildFile; fileRef = FDA40A722452C8EE00A1BF56 /* StationTableViewCell.xib */; };
		FDA40A772452E66D00A1BF56 /* Nibable.swift in Sources */ = {isa = PBXBuildFile; fileRef = FDA40A762452E66D00A1BF56 /* Nibable.swift */; };
		FDB3C2B72454650B00C74DF3 /* HorizontalItemViewer.swift in Sources */ = {isa = PBXBuildFile; fileRef = FDB3C2B62454650B00C74DF3 /* HorizontalItemViewer.swift */; };
		FDB3C2B92455D44600C74DF3 /* Constant.swift in Sources */ = {isa = PBXBuildFile; fileRef = FDB3C2B82455D44600C74DF3 /* Constant.swift */; };
		FDB3C2BC2455F89000C74DF3 /* SafariView.swift in Sources */ = {isa = PBXBuildFile; fileRef = FDB3C2BB2455F89000C74DF3 /* SafariView.swift */; };
		FDB3C327245D3CAF00C74DF3 /* HorizontalItemUpperView.swift in Sources */ = {isa = PBXBuildFile; fileRef = FDB3C326245D3CAF00C74DF3 /* HorizontalItemUpperView.swift */; };
/* End PBXBuildFile section */

/* Begin PBXFileReference section */
		FD20869923C4C23A00E97BA8 /* MetroStationInfo.swift */ = {isa = PBXFileReference; lastKnownFileType = sourcecode.swift; path = MetroStationInfo.swift; sourceTree = "<group>"; };
		FD20869C23C5B16E00E97BA8 /* TozaiLineStaListViewModel.swift */ = {isa = PBXFileReference; lastKnownFileType = sourcecode.swift; path = TozaiLineStaListViewModel.swift; sourceTree = "<group>"; };
		FD4D07DB23C34F3B0082EF3B /* MetroLineData.plist */ = {isa = PBXFileReference; fileEncoding = 4; lastKnownFileType = text.plist.xml; path = MetroLineData.plist; sourceTree = "<group>"; };
		FD4D07DD23C352080082EF3B /* MetroLineData.json */ = {isa = PBXFileReference; fileEncoding = 4; lastKnownFileType = text.json; path = MetroLineData.json; sourceTree = "<group>"; };
		FD4D07E123C352AB0082EF3B /* MetroStationModel.swift */ = {isa = PBXFileReference; lastKnownFileType = sourcecode.swift; path = MetroStationModel.swift; sourceTree = "<group>"; };
		FDA04FAE23B5C5DF000DC962 /* SwiftUIStudy.app */ = {isa = PBXFileReference; explicitFileType = wrapper.application; includeInIndex = 0; path = SwiftUIStudy.app; sourceTree = BUILT_PRODUCTS_DIR; };
		FDA04FB123B5C5DF000DC962 /* AppDelegate.swift */ = {isa = PBXFileReference; lastKnownFileType = sourcecode.swift; path = AppDelegate.swift; sourceTree = "<group>"; };
		FDA04FB323B5C5DF000DC962 /* SceneDelegate.swift */ = {isa = PBXFileReference; lastKnownFileType = sourcecode.swift; path = SceneDelegate.swift; sourceTree = "<group>"; };
		FDA04FB723B5C5E0000DC962 /* Assets.xcassets */ = {isa = PBXFileReference; lastKnownFileType = folder.assetcatalog; path = Assets.xcassets; sourceTree = "<group>"; };
		FDA04FBA23B5C5E0000DC962 /* Preview Assets.xcassets */ = {isa = PBXFileReference; lastKnownFileType = folder.assetcatalog; path = "Preview Assets.xcassets"; sourceTree = "<group>"; };
		FDA04FBD23B5C5E0000DC962 /* Base */ = {isa = PBXFileReference; lastKnownFileType = file.storyboard; name = Base; path = Base.lproj/LaunchScreen.storyboard; sourceTree = "<group>"; };
		FDA04FBF23B5C5E0000DC962 /* Info.plist */ = {isa = PBXFileReference; lastKnownFileType = text.plist.xml; path = Info.plist; sourceTree = "<group>"; };
		FDA04FC923B5C6C1000DC962 /* TopListView.swift */ = {isa = PBXFileReference; lastKnownFileType = sourcecode.swift; path = TopListView.swift; sourceTree = "<group>"; };
		FDA04FCD23B5C867000DC962 /* TozaiLineStaListView.swift */ = {isa = PBXFileReference; lastKnownFileType = sourcecode.swift; path = TozaiLineStaListView.swift; sourceTree = "<group>"; };
		FDA3C5F724499C02007C0F6A /* SecureTextField.swift */ = {isa = PBXFileReference; lastKnownFileType = sourcecode.swift; path = SecureTextField.swift; sourceTree = "<group>"; };
		FDA3C5F924499E18007C0F6A /* PasswordView.swift */ = {isa = PBXFileReference; lastKnownFileType = sourcecode.swift; path = PasswordView.swift; sourceTree = "<group>"; };
		FDA3C5FB24499EBD007C0F6A /* LoginButton.swift */ = {isa = PBXFileReference; lastKnownFileType = sourcecode.swift; path = LoginButton.swift; sourceTree = "<group>"; };
		FDA3C5FE24499F8B007C0F6A /* MailAddressView.swift */ = {isa = PBXFileReference; lastKnownFileType = sourcecode.swift; path = MailAddressView.swift; sourceTree = "<group>"; };
		FDA3C600244C8FBC007C0F6A /* TozaiLineStaListUpperView.swift */ = {isa = PBXFileReference; lastKnownFileType = sourcecode.swift; path = TozaiLineStaListUpperView.swift; sourceTree = "<group>"; };
		FDA3C602244C95BE007C0F6A /* TozaiLineStaListLineImageView.swift */ = {isa = PBXFileReference; lastKnownFileType = sourcecode.swift; path = TozaiLineStaListLineImageView.swift; sourceTree = "<group>"; };
		FDA3C604244DA64E007C0F6A /* StationRowView.swift */ = {isa = PBXFileReference; lastKnownFileType = sourcecode.swift; path = StationRowView.swift; sourceTree = "<group>"; };
		FDA40A6F2452C59700A1BF56 /* UseXibInsteadOfView.swift */ = {isa = PBXFileReference; lastKnownFileType = sourcecode.swift; path = UseXibInsteadOfView.swift; sourceTree = "<group>"; };
		FDA40A712452C8EE00A1BF56 /* StationTableViewCell.swift */ = {isa = PBXFileReference; lastKnownFileType = sourcecode.swift; path = StationTableViewCell.swift; sourceTree = "<group>"; };
		FDA40A722452C8EE00A1BF56 /* StationTableViewCell.xib */ = {isa = PBXFileReference; lastKnownFileType = file.xib; path = StationTableViewCell.xib; sourceTree = "<group>"; };
		FDA40A762452E66D00A1BF56 /* Nibable.swift */ = {isa = PBXFileReference; lastKnownFileType = sourcecode.swift; path = Nibable.swift; sourceTree = "<group>"; };
		FDB3C2B62454650B00C74DF3 /* HorizontalItemViewer.swift */ = {isa = PBXFileReference; lastKnownFileType = sourcecode.swift; path = HorizontalItemViewer.swift; sourceTree = "<group>"; };
		FDB3C2B82455D44600C74DF3 /* Constant.swift */ = {isa = PBXFileReference; lastKnownFileType = sourcecode.swift; path = Constant.swift; sourceTree = "<group>"; };
		FDB3C2BB2455F89000C74DF3 /* SafariView.swift */ = {isa = PBXFileReference; lastKnownFileType = sourcecode.swift; path = SafariView.swift; sourceTree = "<group>"; };
		FDB3C326245D3CAF00C74DF3 /* HorizontalItemUpperView.swift */ = {isa = PBXFileReference; lastKnownFileType = sourcecode.swift; path = HorizontalItemUpperView.swift; sourceTree = "<group>"; };
/* End PBXFileReference section */

/* Begin PBXFrameworksBuildPhase section */
		FDA04FAB23B5C5DF000DC962 /* Frameworks */ = {
			isa = PBXFrameworksBuildPhase;
			buildActionMask = 2147483647;
			files = (
			);
			runOnlyForDeploymentPostprocessing = 0;
		};
/* End PBXFrameworksBuildPhase section */

/* Begin PBXGroup section */
		FD20869B23C5B15300E97BA8 /* TozaiLineStaList */ = {
			isa = PBXGroup;
			children = (
				FD20869C23C5B16E00E97BA8 /* TozaiLineStaListViewModel.swift */,
			);
			path = TozaiLineStaList;
			sourceTree = "<group>";
		};
		FD4D07DA23C34F260082EF3B /* DataPlist */ = {
			isa = PBXGroup;
			children = (
				FD4D07DB23C34F3B0082EF3B /* MetroLineData.plist */,
				FD4D07DD23C352080082EF3B /* MetroLineData.json */,
			);
			path = DataPlist;
			sourceTree = "<group>";
		};
		FD4D07DF23C3526F0082EF3B /* Model */ = {
			isa = PBXGroup;
			children = (
				FD4D07E023C352810082EF3B /* MetroStation */,
			);
			path = Model;
			sourceTree = "<group>";
		};
		FD4D07E023C352810082EF3B /* MetroStation */ = {
			isa = PBXGroup;
			children = (
				FD4D07E123C352AB0082EF3B /* MetroStationModel.swift */,
				FD20869923C4C23A00E97BA8 /* MetroStationInfo.swift */,
			);
			path = MetroStation;
			sourceTree = "<group>";
		};
		FDA04FA523B5C5DF000DC962 = {
			isa = PBXGroup;
			children = (
				FDA04FB023B5C5DF000DC962 /* SwiftUIStudy */,
				FDA04FAF23B5C5DF000DC962 /* Products */,
			);
			sourceTree = "<group>";
		};
		FDA04FAF23B5C5DF000DC962 /* Products */ = {
			isa = PBXGroup;
			children = (
				FDA04FAE23B5C5DF000DC962 /* SwiftUIStudy.app */,
			);
			name = Products;
			sourceTree = "<group>";
		};
		FDA04FB023B5C5DF000DC962 /* SwiftUIStudy */ = {
			isa = PBXGroup;
			children = (
				FDA04FC523B5C605000DC962 /* View */,
				FDA04FC623B5C672000DC962 /* ViewModel */,
				FD4D07DF23C3526F0082EF3B /* Model */,
				FDA04FC723B5C67D000DC962 /* Utils */,
				FDA40A752452E64D00A1BF56 /* Proocol */,
				FD4D07DA23C34F260082EF3B /* DataPlist */,
				FDA04FB123B5C5DF000DC962 /* AppDelegate.swift */,
				FDA04FB323B5C5DF000DC962 /* SceneDelegate.swift */,
				FDA04FB723B5C5E0000DC962 /* Assets.xcassets */,
				FDA04FBC23B5C5E0000DC962 /* LaunchScreen.storyboard */,
				FDA04FBF23B5C5E0000DC962 /* Info.plist */,
				FDA04FB923B5C5E0000DC962 /* Preview Content */,
			);
			path = SwiftUIStudy;
			sourceTree = "<group>";
		};
		FDA04FB923B5C5E0000DC962 /* Preview Content */ = {
			isa = PBXGroup;
			children = (
				FDA04FBA23B5C5E0000DC962 /* Preview Assets.xcassets */,
			);
			path = "Preview Content";
			sourceTree = "<group>";
		};
		FDA04FC523B5C605000DC962 /* View */ = {
			isa = PBXGroup;
			children = (
				FDA04FC823B5C69E000DC962 /* Top */,
				FDB3C2BA2455F86600C74DF3 /* Safari */,
				FDA3C5F524499BA7007C0F6A /* SecureTextField */,
				FDA04FCB23B5C7FA000DC962 /* TozaiLineStaList */,
				FDA40A6E2452C56800A1BF56 /* UseXibInsteadOfView */,
				FDB3C2B5245464BE00C74DF3 /* HorizontalItemViewer */,
			);
			path = View;
			sourceTree = "<group>";
		};
		FDA04FC623B5C672000DC962 /* ViewModel */ = {
			isa = PBXGroup;
			children = (
				FD20869B23C5B15300E97BA8 /* TozaiLineStaList */,
			);
			path = ViewModel;
			sourceTree = "<group>";
		};
		FDA04FC723B5C67D000DC962 /* Utils */ = {
			isa = PBXGroup;
			children = (
				FDB3C2B82455D44600C74DF3 /* Constant.swift */,
			);
			path = Utils;
			sourceTree = "<group>";
		};
		FDA04FC823B5C69E000DC962 /* Top */ = {
			isa = PBXGroup;
			children = (
				FDA04FC923B5C6C1000DC962 /* TopListView.swift */,
			);
			path = Top;
			sourceTree = "<group>";
		};
		FDA04FCB23B5C7FA000DC962 /* TozaiLineStaList */ = {
			isa = PBXGroup;
			children = (
				FDA04FCD23B5C867000DC962 /* TozaiLineStaListView.swift */,
				FDA3C600244C8FBC007C0F6A /* TozaiLineStaListUpperView.swift */,
				FDA3C602244C95BE007C0F6A /* TozaiLineStaListLineImageView.swift */,
				FDA3C604244DA64E007C0F6A /* StationRowView.swift */,
			);
			path = TozaiLineStaList;
			sourceTree = "<group>";
		};
		FDA3C5F524499BA7007C0F6A /* SecureTextField */ = {
			isa = PBXGroup;
			children = (
				FDA3C5F724499C02007C0F6A /* SecureTextField.swift */,
				FDA3C5FE24499F8B007C0F6A /* MailAddressView.swift */,
				FDA3C5F924499E18007C0F6A /* PasswordView.swift */,
				FDA3C5FB24499EBD007C0F6A /* LoginButton.swift */,
			);
			path = SecureTextField;
			sourceTree = "<group>";
		};
		FDA40A6E2452C56800A1BF56 /* UseXibInsteadOfView */ = {
			isa = PBXGroup;
			children = (
				FDA40A6F2452C59700A1BF56 /* UseXibInsteadOfView.swift */,
				FDA40A712452C8EE00A1BF56 /* StationTableViewCell.swift */,
				FDA40A722452C8EE00A1BF56 /* StationTableViewCell.xib */,
			);
			path = UseXibInsteadOfView;
			sourceTree = "<group>";
		};
		FDA40A752452E64D00A1BF56 /* Proocol */ = {
			isa = PBXGroup;
			children = (
				FDA40A762452E66D00A1BF56 /* Nibable.swift */,
			);
			path = Proocol;
			sourceTree = "<group>";
		};
		FDB3C2B5245464BE00C74DF3 /* HorizontalItemViewer */ = {
			isa = PBXGroup;
			children = (
				FDB3C2B62454650B00C74DF3 /* HorizontalItemViewer.swift */,
				FDB3C326245D3CAF00C74DF3 /* HorizontalItemUpperView.swift */,
			);
			path = HorizontalItemViewer;
			sourceTree = "<group>";
		};
		FDB3C2BA2455F86600C74DF3 /* Safari */ = {
			isa = PBXGroup;
			children = (
				FDB3C2BB2455F89000C74DF3 /* SafariView.swift */,
			);
			path = Safari;
			sourceTree = "<group>";
		};
/* End PBXGroup section */

/* Begin PBXNativeTarget section */
		FDA04FAD23B5C5DF000DC962 /* SwiftUIStudy */ = {
			isa = PBXNativeTarget;
			buildConfigurationList = FDA04FC223B5C5E0000DC962 /* Build configuration list for PBXNativeTarget "SwiftUIStudy" */;
			buildPhases = (
				FDA04FAA23B5C5DF000DC962 /* Sources */,
				FDA04FAB23B5C5DF000DC962 /* Frameworks */,
				FDA04FAC23B5C5DF000DC962 /* Resources */,
			);
			buildRules = (
			);
			dependencies = (
			);
			name = SwiftUIStudy;
			productName = SwiftUIStudy;
			productReference = FDA04FAE23B5C5DF000DC962 /* SwiftUIStudy.app */;
			productType = "com.apple.product-type.application";
		};
/* End PBXNativeTarget section */

/* Begin PBXProject section */
		FDA04FA623B5C5DF000DC962 /* Project object */ = {
			isa = PBXProject;
			attributes = {
				LastSwiftUpdateCheck = 1130;
				LastUpgradeCheck = 1130;
				ORGANIZATIONNAME = "Takuya Aso";
				TargetAttributes = {
					FDA04FAD23B5C5DF000DC962 = {
						CreatedOnToolsVersion = 11.3;
					};
				};
			};
			buildConfigurationList = FDA04FA923B5C5DF000DC962 /* Build configuration list for PBXProject "SwiftUIStudy" */;
			compatibilityVersion = "Xcode 9.3";
			developmentRegion = en;
			hasScannedForEncodings = 0;
			knownRegions = (
				en,
				Base,
			);
			mainGroup = FDA04FA523B5C5DF000DC962;
			productRefGroup = FDA04FAF23B5C5DF000DC962 /* Products */;
			projectDirPath = "";
			projectRoot = "";
			targets = (
				FDA04FAD23B5C5DF000DC962 /* SwiftUIStudy */,
			);
		};
/* End PBXProject section */

/* Begin PBXResourcesBuildPhase section */
		FDA04FAC23B5C5DF000DC962 /* Resources */ = {
			isa = PBXResourcesBuildPhase;
			buildActionMask = 2147483647;
			files = (
				FDA04FBE23B5C5E0000DC962 /* LaunchScreen.storyboard in Resources */,
				FDA04FBB23B5C5E0000DC962 /* Preview Assets.xcassets in Resources */,
				FD4D07DC23C34F3B0082EF3B /* MetroLineData.plist in Resources */,
				FDA04FB823B5C5E0000DC962 /* Assets.xcassets in Resources */,
				FDA40A742452C8EE00A1BF56 /* StationTableViewCell.xib in Resources */,
				FD4D07DE23C352080082EF3B /* MetroLineData.json in Resources */,
			);
			runOnlyForDeploymentPostprocessing = 0;
		};
/* End PBXResourcesBuildPhase section */

/* Begin PBXSourcesBuildPhase section */
		FDA04FAA23B5C5DF000DC962 /* Sources */ = {
			isa = PBXSourcesBuildPhase;
			buildActionMask = 2147483647;
			files = (
				FDA3C603244C95BE007C0F6A /* TozaiLineStaListLineImageView.swift in Sources */,
				FDA3C601244C8FBC007C0F6A /* TozaiLineStaListUpperView.swift in Sources */,
				FDA3C5FA24499E18007C0F6A /* PasswordView.swift in Sources */,
				FDA3C5FC24499EBD007C0F6A /* LoginButton.swift in Sources */,
				FDB3C2BC2455F89000C74DF3 /* SafariView.swift in Sources */,
				FDA3C5F824499C02007C0F6A /* SecureTextField.swift in Sources */,
				FD20869A23C4C23A00E97BA8 /* MetroStationInfo.swift in Sources */,
				FDB3C2B72454650B00C74DF3 /* HorizontalItemViewer.swift in Sources */,
				FDA3C605244DA64E007C0F6A /* StationRowView.swift in Sources */,
				FDB3C2B92455D44600C74DF3 /* Constant.swift in Sources */,
				FDA04FB223B5C5DF000DC962 /* AppDelegate.swift in Sources */,
				FDA3C5FF24499F8B007C0F6A /* MailAddressView.swift in Sources */,
				FDB3C327245D3CAF00C74DF3 /* HorizontalItemUpperView.swift in Sources */,
				FD20869D23C5B16E00E97BA8 /* TozaiLineStaListViewModel.swift in Sources */,
				FDA40A732452C8EE00A1BF56 /* StationTableViewCell.swift in Sources */,
				FDA40A702452C59700A1BF56 /* UseXibInsteadOfView.swift in Sources */,
				FDA40A772452E66D00A1BF56 /* Nibable.swift in Sources */,
				FD4D07E223C352AB0082EF3B /* MetroStationModel.swift in Sources */,
				FDA04FCA23B5C6C1000DC962 /* TopListView.swift in Sources */,
				FDA04FB423B5C5DF000DC962 /* SceneDelegate.swift in Sources */,
				FDA04FCE23B5C867000DC962 /* TozaiLineStaListView.swift in Sources */,
			);
			runOnlyForDeploymentPostprocessing = 0;
		};
/* End PBXSourcesBuildPhase section */

/* Begin PBXVariantGroup section */
		FDA04FBC23B5C5E0000DC962 /* LaunchScreen.storyboard */ = {
			isa = PBXVariantGroup;
			children = (
				FDA04FBD23B5C5E0000DC962 /* Base */,
			);
			name = LaunchScreen.storyboard;
			sourceTree = "<group>";
		};
/* End PBXVariantGroup section */

/* Begin XCBuildConfiguration section */
		FDA04FC023B5C5E0000DC962 /* Debug */ = {
			isa = XCBuildConfiguration;
			buildSettings = {
				ALWAYS_SEARCH_USER_PATHS = NO;
				CLANG_ANALYZER_NONNULL = YES;
				CLANG_ANALYZER_NUMBER_OBJECT_CONVERSION = YES_AGGRESSIVE;
				CLANG_CXX_LANGUAGE_STANDARD = "gnu++14";
				CLANG_CXX_LIBRARY = "libc++";
				CLANG_ENABLE_MODULES = YES;
				CLANG_ENABLE_OBJC_ARC = YES;
				CLANG_ENABLE_OBJC_WEAK = YES;
				CLANG_WARN_BLOCK_CAPTURE_AUTORELEASING = YES;
				CLANG_WARN_BOOL_CONVERSION = YES;
				CLANG_WARN_COMMA = YES;
				CLANG_WARN_CONSTANT_CONVERSION = YES;
				CLANG_WARN_DEPRECATED_OBJC_IMPLEMENTATIONS = YES;
				CLANG_WARN_DIRECT_OBJC_ISA_USAGE = YES_ERROR;
				CLANG_WARN_DOCUMENTATION_COMMENTS = YES;
				CLANG_WARN_EMPTY_BODY = YES;
				CLANG_WARN_ENUM_CONVERSION = YES;
				CLANG_WARN_INFINITE_RECURSION = YES;
				CLANG_WARN_INT_CONVERSION = YES;
				CLANG_WARN_NON_LITERAL_NULL_CONVERSION = YES;
				CLANG_WARN_OBJC_IMPLICIT_RETAIN_SELF = YES;
				CLANG_WARN_OBJC_LITERAL_CONVERSION = YES;
				CLANG_WARN_OBJC_ROOT_CLASS = YES_ERROR;
				CLANG_WARN_RANGE_LOOP_ANALYSIS = YES;
				CLANG_WARN_STRICT_PROTOTYPES = YES;
				CLANG_WARN_SUSPICIOUS_MOVE = YES;
				CLANG_WARN_UNGUARDED_AVAILABILITY = YES_AGGRESSIVE;
				CLANG_WARN_UNREACHABLE_CODE = YES;
				CLANG_WARN__DUPLICATE_METHOD_MATCH = YES;
				COPY_PHASE_STRIP = NO;
				DEBUG_INFORMATION_FORMAT = dwarf;
				ENABLE_STRICT_OBJC_MSGSEND = YES;
				ENABLE_TESTABILITY = YES;
				GCC_C_LANGUAGE_STANDARD = gnu11;
				GCC_DYNAMIC_NO_PIC = NO;
				GCC_NO_COMMON_BLOCKS = YES;
				GCC_OPTIMIZATION_LEVEL = 0;
				GCC_PREPROCESSOR_DEFINITIONS = (
					"DEBUG=1",
					"$(inherited)",
				);
				GCC_WARN_64_TO_32_BIT_CONVERSION = YES;
				GCC_WARN_ABOUT_RETURN_TYPE = YES_ERROR;
				GCC_WARN_UNDECLARED_SELECTOR = YES;
				GCC_WARN_UNINITIALIZED_AUTOS = YES_AGGRESSIVE;
				GCC_WARN_UNUSED_FUNCTION = YES;
				GCC_WARN_UNUSED_VARIABLE = YES;
				IPHONEOS_DEPLOYMENT_TARGET = 13.0;
				MTL_ENABLE_DEBUG_INFO = INCLUDE_SOURCE;
				MTL_FAST_MATH = YES;
				ONLY_ACTIVE_ARCH = YES;
				SDKROOT = iphoneos;
				SWIFT_ACTIVE_COMPILATION_CONDITIONS = DEBUG;
				SWIFT_OPTIMIZATION_LEVEL = "-Onone";
			};
			name = Debug;
		};
		FDA04FC123B5C5E0000DC962 /* Release */ = {
			isa = XCBuildConfiguration;
			buildSettings = {
				ALWAYS_SEARCH_USER_PATHS = NO;
				CLANG_ANALYZER_NONNULL = YES;
				CLANG_ANALYZER_NUMBER_OBJECT_CONVERSION = YES_AGGRESSIVE;
				CLANG_CXX_LANGUAGE_STANDARD = "gnu++14";
				CLANG_CXX_LIBRARY = "libc++";
				CLANG_ENABLE_MODULES = YES;
				CLANG_ENABLE_OBJC_ARC = YES;
				CLANG_ENABLE_OBJC_WEAK = YES;
				CLANG_WARN_BLOCK_CAPTURE_AUTORELEASING = YES;
				CLANG_WARN_BOOL_CONVERSION = YES;
				CLANG_WARN_COMMA = YES;
				CLANG_WARN_CONSTANT_CONVERSION = YES;
				CLANG_WARN_DEPRECATED_OBJC_IMPLEMENTATIONS = YES;
				CLANG_WARN_DIRECT_OBJC_ISA_USAGE = YES_ERROR;
				CLANG_WARN_DOCUMENTATION_COMMENTS = YES;
				CLANG_WARN_EMPTY_BODY = YES;
				CLANG_WARN_ENUM_CONVERSION = YES;
				CLANG_WARN_INFINITE_RECURSION = YES;
				CLANG_WARN_INT_CONVERSION = YES;
				CLANG_WARN_NON_LITERAL_NULL_CONVERSION = YES;
				CLANG_WARN_OBJC_IMPLICIT_RETAIN_SELF = YES;
				CLANG_WARN_OBJC_LITERAL_CONVERSION = YES;
				CLANG_WARN_OBJC_ROOT_CLASS = YES_ERROR;
				CLANG_WARN_RANGE_LOOP_ANALYSIS = YES;
				CLANG_WARN_STRICT_PROTOTYPES = YES;
				CLANG_WARN_SUSPICIOUS_MOVE = YES;
				CLANG_WARN_UNGUARDED_AVAILABILITY = YES_AGGRESSIVE;
				CLANG_WARN_UNREACHABLE_CODE = YES;
				CLANG_WARN__DUPLICATE_METHOD_MATCH = YES;
				COPY_PHASE_STRIP = NO;
				DEBUG_INFORMATION_FORMAT = "dwarf-with-dsym";
				ENABLE_NS_ASSERTIONS = NO;
				ENABLE_STRICT_OBJC_MSGSEND = YES;
				GCC_C_LANGUAGE_STANDARD = gnu11;
				GCC_NO_COMMON_BLOCKS = YES;
				GCC_WARN_64_TO_32_BIT_CONVERSION = YES;
				GCC_WARN_ABOUT_RETURN_TYPE = YES_ERROR;
				GCC_WARN_UNDECLARED_SELECTOR = YES;
				GCC_WARN_UNINITIALIZED_AUTOS = YES_AGGRESSIVE;
				GCC_WARN_UNUSED_FUNCTION = YES;
				GCC_WARN_UNUSED_VARIABLE = YES;
				IPHONEOS_DEPLOYMENT_TARGET = 13.0;
				MTL_ENABLE_DEBUG_INFO = NO;
				MTL_FAST_MATH = YES;
				SDKROOT = iphoneos;
				SWIFT_COMPILATION_MODE = wholemodule;
				SWIFT_OPTIMIZATION_LEVEL = "-O";
				VALIDATE_PRODUCT = YES;
			};
			name = Release;
		};
		FDA04FC323B5C5E0000DC962 /* Debug */ = {
			isa = XCBuildConfiguration;
			buildSettings = {
				ASSETCATALOG_COMPILER_APPICON_NAME = AppIcon;
				CODE_SIGN_STYLE = Automatic;
				DEVELOPMENT_ASSET_PATHS = "\"SwiftUIStudy/Preview Content\"";
				DEVELOPMENT_TEAM = 7M7ZGYSAKB;
				ENABLE_PREVIEWS = YES;
				INFOPLIST_FILE = SwiftUIStudy/Info.plist;
				LD_RUNPATH_SEARCH_PATHS = (
					"$(inherited)",
					"@executable_path/Frameworks",
				);
				MARKETING_VERSION = 1.0.0;
				PRODUCT_BUNDLE_IDENTIFIER = com.ASTK.SwiftUIStudy;
				PRODUCT_NAME = "$(TARGET_NAME)";
				SWIFT_VERSION = 5.0;
				TARGETED_DEVICE_FAMILY = "1,2";
			};
			name = Debug;
		};
		FDA04FC423B5C5E0000DC962 /* Release */ = {
			isa = XCBuildConfiguration;
			buildSettings = {
				ASSETCATALOG_COMPILER_APPICON_NAME = AppIcon;
				CODE_SIGN_STYLE = Automatic;
				DEVELOPMENT_ASSET_PATHS = "\"SwiftUIStudy/Preview Content\"";
				DEVELOPMENT_TEAM = 7M7ZGYSAKB;
				ENABLE_PREVIEWS = YES;
				INFOPLIST_FILE = SwiftUIStudy/Info.plist;
				LD_RUNPATH_SEARCH_PATHS = (
					"$(inherited)",
					"@executable_path/Frameworks",
				);
				MARKETING_VERSION = 1.0.0;
				PRODUCT_BUNDLE_IDENTIFIER = com.ASTK.SwiftUIStudy;
				PRODUCT_NAME = "$(TARGET_NAME)";
				SWIFT_VERSION = 5.0;
				TARGETED_DEVICE_FAMILY = "1,2";
			};
			name = Release;
		};
/* End XCBuildConfiguration section */

/* Begin XCConfigurationList section */
		FDA04FA923B5C5DF000DC962 /* Build configuration list for PBXProject "SwiftUIStudy" */ = {
			isa = XCConfigurationList;
			buildConfigurations = (
				FDA04FC023B5C5E0000DC962 /* Debug */,
				FDA04FC123B5C5E0000DC962 /* Release */,
			);
			defaultConfigurationIsVisible = 0;
			defaultConfigurationName = Release;
		};
		FDA04FC223B5C5E0000DC962 /* Build configuration list for PBXNativeTarget "SwiftUIStudy" */ = {
			isa = XCConfigurationList;
			buildConfigurations = (
				FDA04FC323B5C5E0000DC962 /* Debug */,
				FDA04FC423B5C5E0000DC962 /* Release */,
			);
			defaultConfigurationIsVisible = 0;
			defaultConfigurationName = Release;
		};
/* End XCConfigurationList section */
	};
	rootObject = FDA04FA623B5C5DF000DC962 /* Project object */;
}
